
Microsoft Visual Studio Solution File, Format Version 11.00
# Visual Studio 2010
Project("{F2A71F9B-5D33-465A-A702-920D77279786}") = "FSharp.Reactive", "src\FSharp.Reactive\FSharp.Reactive.fsproj", "{ED23F688-C0D0-4102-93D5-0D832633F66D}"
EndProject
Project("{F2A71F9B-5D33-465A-A702-920D77279786}") = "FSharp.Reactive.Tests", "src\FSharp.Reactive.Tests\FSharp.Reactive.Tests.fsproj", "{A8EBB4A5-80ED-43D5-8D7D-6A0F4E228C2F}"
EndProject
Project("{2150E333-8FDC-42A3-9474-1A3956D46DE8}") = "Solution Items", "Solution Items", "{8961FBE9-1BE3-4A44-9610-5B4386DC5848}"
	ProjectSection(SolutionItems) = preProject
		build.bat = build.bat
		build.fsx = build.fsx
		LICENSE.txt = LICENSE.txt
	EndProjectSection
EndProject
Global
	GlobalSection(SolutionConfigurationPlatforms) = preSolution
		Debug|Any CPU = Debug|Any CPU
		Release|Any CPU = Release|Any CPU
	EndGlobalSection
	GlobalSection(ProjectConfigurationPlatforms) = postSolution
		{ED23F688-C0D0-4102-93D5-0D832633F66D}.Debug|Any CPU.ActiveCfg = Debug|Any CPU
		{ED23F688-C0D0-4102-93D5-0D832633F66D}.Debug|Any CPU.Build.0 = Debug|Any CPU
		{ED23F688-C0D0-4102-93D5-0D832633F66D}.Release|Any CPU.ActiveCfg = Release|Any CPU
		{ED23F688-C0D0-4102-93D5-0D832633F66D}.Release|Any CPU.Build.0 = Release|Any CPU
		{A8EBB4A5-80ED-43D5-8D7D-6A0F4E228C2F}.Debug|Any CPU.ActiveCfg = Debug|Any CPU
		{A8EBB4A5-80ED-43D5-8D7D-6A0F4E228C2F}.Debug|Any CPU.Build.0 = Debug|Any CPU
		{A8EBB4A5-80ED-43D5-8D7D-6A0F4E228C2F}.Release|Any CPU.ActiveCfg = Release|Any CPU
		{A8EBB4A5-80ED-43D5-8D7D-6A0F4E228C2F}.Release|Any CPU.Build.0 = Release|Any CPU
	EndGlobalSection
	GlobalSection(SolutionProperties) = preSolution
		HideSolutionNode = FALSE
	EndGlobalSection
EndGlobal
